
Microsoft Visual Studio Solution File, Format Version 12.00
# Visual Studio 14
VisualStudioVersion = 14.0.25123.0
MinimumVisualStudioVersion = 10.0.40219.1
Project("{FAE04EC0-301F-11D3-BF4B-00C04F79EFBC}") = "MediaPluginSample.Droid", "MediaPluginSample\MediaPluginSample.Droid\MediaPluginSample.Droid.csproj", "{1B349E47-E3EF-4DFC-BE7D-60CCA39C6D1C}"
EndProject
Project("{FAE04EC0-301F-11D3-BF4B-00C04F79EFBC}") = "MediaPluginSample.iOS", "MediaPluginSample\MediaPluginSample.iOS\MediaPluginSample.iOS.csproj", "{185A5944-3E99-4B23-BCF1-BF7E6E9A1C70}"
EndProject
Project("{FAE04EC0-301F-11D3-BF4B-00C04F79EFBC}") = "MediaPluginSample.WinPhone", "MediaPluginSample\MediaPluginSample.WinPhone\MediaPluginSample.WinPhone.csproj", "{E2D2EAFB-A008-48C7-AF54-7442A77853AC}"
EndProject
Project("{FAE04EC0-301F-11D3-BF4B-00C04F79EFBC}") = "MediaPluginSample", "MediaPluginSample\MediaPluginSample\MediaPluginSample.csproj", "{7A967410-200B-4D4D-BD10-3027ED7BCEF1}"
EndProject
Global
	GlobalSection(SolutionConfigurationPlatforms) = preSolution
		AppStore|Any CPU = AppStore|Any CPU
		AppStore|ARM = AppStore|ARM
		AppStore|iPhone = AppStore|iPhone
		AppStore|iPhoneSimulator = AppStore|iPhoneSimulator
		AppStore|x86 = AppStore|x86
		Debug|Any CPU = Debug|Any CPU
		Debug|ARM = Debug|ARM
		Debug|iPhone = Debug|iPhone
		Debug|iPhoneSimulator = Debug|iPhoneSimulator
		Debug|x86 = Debug|x86
		Release|Any CPU = Release|Any CPU
		Release|ARM = Release|ARM
		Release|iPhone = Release|iPhone
		Release|iPhoneSimulator = Release|iPhoneSimulator
		Release|x86 = Release|x86
	EndGlobalSection
	GlobalSection(ProjectConfigurationPlatforms) = postSolution
		{1B349E47-E3EF-4DFC-BE7D-60CCA39C6D1C}.AppStore|Any CPU.ActiveCfg = Release|Any CPU
		{1B349E47-E3EF-4DFC-BE7D-60CCA39C6D1C}.AppStore|Any CPU.Build.0 = Release|Any CPU
		{1B349E47-E3EF-4DFC-BE7D-60CCA39C6D1C}.AppStore|Any CPU.Deploy.0 = Release|Any CPU
		{1B349E47-E3EF-4DFC-BE7D-60CCA39C6D1C}.AppStore|ARM.ActiveCfg = Release|Any CPU
		{1B349E47-E3EF-4DFC-BE7D-60CCA39C6D1C}.AppStore|ARM.Build.0 = Release|Any CPU
		{1B349E47-E3EF-4DFC-BE7D-60CCA39C6D1C}.AppStore|ARM.Deploy.0 = Release|Any CPU
		{1B349E47-E3EF-4DFC-BE7D-60CCA39C6D1C}.AppStore|iPhone.ActiveCfg = Release|Any CPU
		{1B349E47-E3EF-4DFC-BE7D-60CCA39C6D1C}.AppStore|iPhone.Build.0 = Release|Any CPU
		{1B349E47-E3EF-4DFC-BE7D-60CCA39C6D1C}.AppStore|iPhone.Deploy.0 = Release|Any CPU
		{1B349E47-E3EF-4DFC-BE7D-60CCA39C6D1C}.AppStore|iPhoneSimulator.ActiveCfg = Release|Any CPU
		{1B349E47-E3EF-4DFC-BE7D-60CCA39C6D1C}.AppStore|iPhoneSimulator.Build.0 = Release|Any CPU
		{1B349E47-E3EF-4DFC-BE7D-60CCA39C6D1C}.AppStore|iPhoneSimulator.Deploy.0 = Release|Any CPU
		{1B349E47-E3EF-4DFC-BE7D-60CCA39C6D1C}.AppStore|x86.ActiveCfg = Release|Any CPU
		{1B349E47-E3EF-4DFC-BE7D-60CCA39C6D1C}.AppStore|x86.Build.0 = Release|Any CPU
		{1B349E47-E3EF-4DFC-BE7D-60CCA39C6D1C}.AppStore|x86.Deploy.0 = Release|Any CPU
		{1B349E47-E3EF-4DFC-BE7D-60CCA39C6D1C}.Debug|Any CPU.ActiveCfg = Debug|Any CPU
		{1B349E47-E3EF-4DFC-BE7D-60CCA39C6D1C}.Debug|Any CPU.Build.0 = Debug|Any CPU
		{1B349E47-E3EF-4DFC-BE7D-60CCA39C6D1C}.Debug|Any CPU.Deploy.0 = Debug|Any CPU
		{1B349E47-E3EF-4DFC-BE7D-60CCA39C6D1C}.Debug|ARM.ActiveCfg = Debug|Any CPU
		{1B349E47-E3EF-4DFC-BE7D-60CCA39C6D1C}.Debug|ARM.Build.0 = Debug|Any CPU
		{1B349E47-E3EF-4DFC-BE7D-60CCA39C6D1C}.Debug|ARM.Deploy.0 = Debug|Any CPU
		{1B349E47-E3EF-4DFC-BE7D-60CCA39C6D1C}.Debug|iPhone.ActiveCfg = Debug|Any CPU
		{1B349E47-E3EF-4DFC-BE7D-60CCA39C6D1C}.Debug|iPhone.Build.0 = Debug|Any CPU
		{1B349E47-E3EF-4DFC-BE7D-60CCA39C6D1C}.Debug|iPhone.Deploy.0 = Debug|Any CPU
		{1B349E47-E3EF-4DFC-BE7D-60CCA39C6D1C}.Debug|iPhoneSimulator.ActiveCfg = Debug|Any CPU
		{1B349E47-E3EF-4DFC-BE7D-60CCA39C6D1C}.Debug|iPhoneSimulator.Build.0 = Debug|Any CPU
		{1B349E47-E3EF-4DFC-BE7D-60CCA39C6D1C}.Debug|iPhoneSimulator.Deploy.0 = Debug|Any CPU
		{1B349E47-E3EF-4DFC-BE7D-60CCA39C6D1C}.Debug|x86.ActiveCfg = Debug|Any CPU
		{1B349E47-E3EF-4DFC-BE7D-60CCA39C6D1C}.Debug|x86.Build.0 = Debug|Any CPU
		{1B349E47-E3EF-4DFC-BE7D-60CCA39C6D1C}.Debug|x86.Deploy.0 = Debug|Any CPU
		{1B349E47-E3EF-4DFC-BE7D-60CCA39C6D1C}.Release|Any CPU.ActiveCfg = Release|Any CPU
		{1B349E47-E3EF-4DFC-BE7D-60CCA39C6D1C}.Release|Any CPU.Build.0 = Release|Any CPU
		{1B349E47-E3EF-4DFC-BE7D-60CCA39C6D1C}.Release|Any CPU.Deploy.0 = Release|Any CPU
		{1B349E47-E3EF-4DFC-BE7D-60CCA39C6D1C}.Release|ARM.ActiveCfg = Release|Any CPU
		{1B349E47-E3EF-4DFC-BE7D-60CCA39C6D1C}.Release|ARM.Build.0 = Release|Any CPU
		{1B349E47-E3EF-4DFC-BE7D-60CCA39C6D1C}.Release|ARM.Deploy.0 = Release|Any CPU
		{1B349E47-E3EF-4DFC-BE7D-60CCA39C6D1C}.Release|iPhone.ActiveCfg = Release|Any CPU
		{1B349E47-E3EF-4DFC-BE7D-60CCA39C6D1C}.Release|iPhone.Build.0 = Release|Any CPU
		{1B349E47-E3EF-4DFC-BE7D-60CCA39C6D1C}.Release|iPhone.Deploy.0 = Release|Any CPU
		{1B349E47-E3EF-4DFC-BE7D-60CCA39C6D1C}.Release|iPhoneSimulator.ActiveCfg = Release|Any CPU
		{1B349E47-E3EF-4DFC-BE7D-60CCA39C6D1C}.Release|iPhoneSimulator.Build.0 = Release|Any CPU
		{1B349E47-E3EF-4DFC-BE7D-60CCA39C6D1C}.Release|iPhoneSimulator.Deploy.0 = Release|Any CPU
		{1B349E47-E3EF-4DFC-BE7D-60CCA39C6D1C}.Release|x86.ActiveCfg = Release|Any CPU
		{1B349E47-E3EF-4DFC-BE7D-60CCA39C6D1C}.Release|x86.Build.0 = Release|Any CPU
		{1B349E47-E3EF-4DFC-BE7D-60CCA39C6D1C}.Release|x86.Deploy.0 = Release|Any CPU
		{185A5944-3E99-4B23-BCF1-BF7E6E9A1C70}.AppStore|Any CPU.ActiveCfg = AppStore|iPhone
		{185A5944-3E99-4B23-BCF1-BF7E6E9A1C70}.AppStore|ARM.ActiveCfg = AppStore|iPhone
		{185A5944-3E99-4B23-BCF1-BF7E6E9A1C70}.AppStore|iPhone.ActiveCfg = AppStore|iPhone
		{185A5944-3E99-4B23-BCF1-BF7E6E9A1C70}.AppStore|iPhone.Build.0 = AppStore|iPhone
		{185A5944-3E99-4B23-BCF1-BF7E6E9A1C70}.AppStore|iPhoneSimulator.ActiveCfg = AppStore|iPhoneSimulator
		{185A5944-3E99-4B23-BCF1-BF7E6E9A1C70}.AppStore|iPhoneSimulator.Build.0 = AppStore|iPhoneSimulator
		{185A5944-3E99-4B23-BCF1-BF7E6E9A1C70}.AppStore|x86.ActiveCfg = AppStore|iPhone
		{185A5944-3E99-4B23-BCF1-BF7E6E9A1C70}.Debug|Any CPU.ActiveCfg = Debug|iPhone
		{185A5944-3E99-4B23-BCF1-BF7E6E9A1C70}.Debug|ARM.ActiveCfg = Debug|iPhone
		{185A5944-3E99-4B23-BCF1-BF7E6E9A1C70}.Debug|iPhone.ActiveCfg = Debug|iPhone
		{185A5944-3E99-4B23-BCF1-BF7E6E9A1C70}.Debug|iPhone.Build.0 = Debug|iPhone
		{185A5944-3E99-4B23-BCF1-BF7E6E9A1C70}.Debug|iPhoneSimulator.ActiveCfg = Debug|iPhoneSimulator
		{185A5944-3E99-4B23-BCF1-BF7E6E9A1C70}.Debug|iPhoneSimulator.Build.0 = Debug|iPhoneSimulator
		{185A5944-3E99-4B23-BCF1-BF7E6E9A1C70}.Debug|x86.ActiveCfg = Debug|iPhone
		{185A5944-3E99-4B23-BCF1-BF7E6E9A1C70}.Release|Any CPU.ActiveCfg = Release|iPhone
		{185A5944-3E99-4B23-BCF1-BF7E6E9A1C70}.Release|ARM.ActiveCfg = Release|iPhone
		{185A5944-3E99-4B23-BCF1-BF7E6E9A1C70}.Release|iPhone.ActiveCfg = Release|iPhone
		{185A5944-3E99-4B23-BCF1-BF7E6E9A1C70}.Release|iPhone.Build.0 = Release|iPhone
		{185A5944-3E99-4B23-BCF1-BF7E6E9A1C70}.Release|iPhoneSimulator.ActiveCfg = Release|iPhoneSimulator
		{185A5944-3E99-4B23-BCF1-BF7E6E9A1C70}.Release|iPhoneSimulator.Build.0 = Release|iPhoneSimulator
		{185A5944-3E99-4B23-BCF1-BF7E6E9A1C70}.Release|x86.ActiveCfg = Release|iPhone
		{E2D2EAFB-A008-48C7-AF54-7442A77853AC}.AppStore|Any CPU.ActiveCfg = Release|Any CPU
		{E2D2EAFB-A008-48C7-AF54-7442A77853AC}.AppStore|Any CPU.Build.0 = Release|Any CPU
		{E2D2EAFB-A008-48C7-AF54-7442A77853AC}.AppStore|Any CPU.Deploy.0 = Release|Any CPU
		{E2D2EAFB-A008-48C7-AF54-7442A77853AC}.AppStore|ARM.ActiveCfg = Release|ARM
		{E2D2EAFB-A008-48C7-AF54-7442A77853AC}.AppStore|ARM.Build.0 = Release|ARM
		{E2D2EAFB-A008-48C7-AF54-7442A77853AC}.AppStore|ARM.Deploy.0 = Release|ARM
		{E2D2EAFB-A008-48C7-AF54-7442A77853AC}.AppStore|iPhone.ActiveCfg = Release|Any CPU
		{E2D2EAFB-A008-48C7-AF54-7442A77853AC}.AppStore|iPhone.Build.0 = Release|Any CPU
		{E2D2EAFB-A008-48C7-AF54-7442A77853AC}.AppStore|iPhone.Deploy.0 = Release|Any CPU
		{E2D2EAFB-A008-48C7-AF54-7442A77853AC}.AppStore|iPhoneSimulator.ActiveCfg = Release|Any CPU
		{E2D2EAFB-A008-48C7-AF54-7442A77853AC}.AppStore|iPhoneSimulator.Build.0 = Release|Any CPU
		{E2D2EAFB-A008-48C7-AF54-7442A77853AC}.AppStore|iPhoneSimulator.Deploy.0 = Release|Any CPU
		{E2D2EAFB-A008-48C7-AF54-7442A77853AC}.AppStore|x86.ActiveCfg = Release|x86
		{E2D2EAFB-A008-48C7-AF54-7442A77853AC}.AppStore|x86.Build.0 = Release|x86
		{E2D2EAFB-A008-48C7-AF54-7442A77853AC}.AppStore|x86.Deploy.0 = Release|x86
		{E2D2EAFB-A008-48C7-AF54-7442A77853AC}.Debug|Any CPU.ActiveCfg = Debug|Any CPU
		{E2D2EAFB-A008-48C7-AF54-7442A77853AC}.Debug|Any CPU.Build.0 = Debug|Any CPU
		{E2D2EAFB-A008-48C7-AF54-7442A77853AC}.Debug|Any CPU.Deploy.0 = Debug|Any CPU
		{E2D2EAFB-A008-48C7-AF54-7442A77853AC}.Debug|ARM.ActiveCfg = Debug|ARM
		{E2D2EAFB-A008-48C7-AF54-7442A77853AC}.Debug|ARM.Build.0 = Debug|ARM
		{E2D2EAFB-A008-48C7-AF54-7442A77853AC}.Debug|ARM.Deploy.0 = Debug|ARM
		{E2D2EAFB-A008-48C7-AF54-7442A77853AC}.Debug|iPhone.ActiveCfg = Debug|Any CPU
		{E2D2EAFB-A008-48C7-AF54-7442A77853AC}.Debug|iPhone.Build.0 = Debug|Any CPU
		{E2D2EAFB-A008-48C7-AF54-7442A77853AC}.Debug|iPhone.Deploy.0 = Debug|Any CPU
		{E2D2EAFB-A008-48C7-AF54-7442A77853AC}.Debug|iPhoneSimulator.ActiveCfg = Debug|Any CPU
		{E2D2EAFB-A008-48C7-AF54-7442A77853AC}.Debug|iPhoneSimulator.Build.0 = Debug|Any CPU
		{E2D2EAFB-A008-48C7-AF54-7442A77853AC}.Debug|iPhoneSimulator.Deploy.0 = Debug|Any CPU
		{E2D2EAFB-A008-48C7-AF54-7442A77853AC}.Debug|x86.ActiveCfg = Debug|x86
		{E2D2EAFB-A008-48C7-AF54-7442A77853AC}.Debug|x86.Build.0 = Debug|x86
		{E2D2EAFB-A008-48C7-AF54-7442A77853AC}.Debug|x86.Deploy.0 = Debug|x86
		{E2D2EAFB-A008-48C7-AF54-7442A77853AC}.Release|Any CPU.ActiveCfg = Release|Any CPU
		{E2D2EAFB-A008-48C7-AF54-7442A77853AC}.Release|Any CPU.Build.0 = Release|Any CPU
		{E2D2EAFB-A008-48C7-AF54-7442A77853AC}.Release|Any CPU.Deploy.0 = Release|Any CPU
		{E2D2EAFB-A008-48C7-AF54-7442A77853AC}.Release|ARM.ActiveCfg = Release|ARM
		{E2D2EAFB-A008-48C7-AF54-7442A77853AC}.Release|ARM.Build.0 = Release|ARM
		{E2D2EAFB-A008-48C7-AF54-7442A77853AC}.Release|ARM.Deploy.0 = Release|ARM
		{E2D2EAFB-A008-48C7-AF54-7442A77853AC}.Release|iPhone.ActiveCfg = Release|Any CPU
		{E2D2EAFB-A008-48C7-AF54-7442A77853AC}.Release|iPhone.Build.0 = Release|Any CPU
		{E2D2EAFB-A008-48C7-AF54-7442A77853AC}.Release|iPhone.Deploy.0 = Release|Any CPU
		{E2D2EAFB-A008-48C7-AF54-7442A77853AC}.Release|iPhoneSimulator.ActiveCfg = Release|Any CPU
		{E2D2EAFB-A008-48C7-AF54-7442A77853AC}.Release|iPhoneSimulator.Build.0 = Release|Any CPU
		{E2D2EAFB-A008-48C7-AF54-7442A77853AC}.Release|iPhoneSimulator.Deploy.0 = Release|Any CPU
		{E2D2EAFB-A008-48C7-AF54-7442A77853AC}.Release|x86.ActiveCfg = Release|x86
		{E2D2EAFB-A008-48C7-AF54-7442A77853AC}.Release|x86.Build.0 = Release|x86
		{E2D2EAFB-A008-48C7-AF54-7442A77853AC}.Release|x86.Deploy.0 = Release|x86
		{7A967410-200B-4D4D-BD10-3027ED7BCEF1}.AppStore|Any CPU.ActiveCfg = Release|Any CPU
		{7A967410-200B-4D4D-BD10-3027ED7BCEF1}.AppStore|Any CPU.Build.0 = Release|Any CPU
		{7A967410-200B-4D4D-BD10-3027ED7BCEF1}.AppStore|ARM.ActiveCfg = Release|Any CPU
		{7A967410-200B-4D4D-BD10-3027ED7BCEF1}.AppStore|ARM.Build.0 = Release|Any CPU
		{7A967410-200B-4D4D-BD10-3027ED7BCEF1}.AppStore|iPhone.ActiveCfg = Release|Any CPU
		{7A967410-200B-4D4D-BD10-3027ED7BCEF1}.AppStore|iPhone.Build.0 = Release|Any CPU
		{7A967410-200B-4D4D-BD10-3027ED7BCEF1}.AppStore|iPhoneSimulator.ActiveCfg = Release|Any CPU
		{7A967410-200B-4D4D-BD10-3027ED7BCEF1}.AppStore|iPhoneSimulator.Build.0 = Release|Any CPU
		{7A967410-200B-4D4D-BD10-3027ED7BCEF1}.AppStore|x86.ActiveCfg = Release|Any CPU
		{7A967410-200B-4D4D-BD10-3027ED7BCEF1}.AppStore|x86.Build.0 = Release|Any CPU
		{7A967410-200B-4D4D-BD10-3027ED7BCEF1}.Debug|Any CPU.ActiveCfg = Debug|Any CPU
		{7A967410-200B-4D4D-BD10-3027ED7BCEF1}.Debug|Any CPU.Build.0 = Debug|Any CPU
		{7A967410-200B-4D4D-BD10-3027ED7BCEF1}.Debug|ARM.ActiveCfg = Debug|Any CPU
		{7A967410-200B-4D4D-BD10-3027ED7BCEF1}.Debug|ARM.Build.0 = Debug|Any CPU
		{7A967410-200B-4D4D-BD10-3027ED7BCEF1}.Debug|iPhone.ActiveCfg = Debug|Any CPU
		{7A967410-200B-4D4D-BD10-3027ED7BCEF1}.Debug|iPhone.Build.0 = Debug|Any CPU
		{7A967410-200B-4D4D-BD10-3027ED7BCEF1}.Debug|iPhoneSimulator.ActiveCfg = Debug|Any CPU
		{7A967410-200B-4D4D-BD10-3027ED7BCEF1}.Debug|iPhoneSimulator.Build.0 = Debug|Any CPU
		{7A967410-200B-4D4D-BD10-3027ED7BCEF1}.Debug|x86.ActiveCfg = Debug|Any CPU
		{7A967410-200B-4D4D-BD10-3027ED7BCEF1}.Debug|x86.Build.0 = Debug|Any CPU
		{7A967410-200B-4D4D-BD10-3027ED7BCEF1}.Release|Any CPU.ActiveCfg = Release|Any CPU
		{7A967410-200B-4D4D-BD10-3027ED7BCEF1}.Release|Any CPU.Build.0 = Release|Any CPU
		{7A967410-200B-4D4D-BD10-3027ED7BCEF1}.Release|ARM.ActiveCfg = Release|Any CPU
		{7A967410-200B-4D4D-BD10-3027ED7BCEF1}.Release|ARM.Build.0 = Release|Any CPU
		{7A967410-200B-4D4D-BD10-3027ED7BCEF1}.Release|iPhone.ActiveCfg = Release|Any CPU
		{7A967410-200B-4D4D-BD10-3027ED7BCEF1}.Release|iPhone.Build.0 = Release|Any CPU
		{7A967410-200B-4D4D-BD10-3027ED7BCEF1}.Release|iPhoneSimulator.ActiveCfg = Release|Any CPU
		{7A967410-200B-4D4D-BD10-3027ED7BCEF1}.Release|iPhoneSimulator.Build.0 = Release|Any CPU
		{7A967410-200B-4D4D-BD10-3027ED7BCEF1}.Release|x86.ActiveCfg = Release|Any CPU
		{7A967410-200B-4D4D-BD10-3027ED7BCEF1}.Release|x86.Build.0 = Release|Any CPU
	EndGlobalSection
	GlobalSection(SolutionProperties) = preSolution
		HideSolutionNode = FALSE
	EndGlobalSection
EndGlobal
